
Microsoft Visual Studio Solution File, Format Version 12.00
# Visual Studio Version 17
VisualStudioVersion = 17.7.34031.279
MinimumVisualStudioVersion = 10.0.40219.1
Project("{FAE04EC0-301F-11D3-BF4B-00C04F79EFBC}") = "SummonerMatch", "SummonerMatch.csproj", "{F655FDA8-F837-46C9-A029-265436393288}"
EndProject
Global
	GlobalSection(SolutionConfigurationPlatforms) = preSolution
		Debug|Any CPU = Debug|Any CPU
		Release|Any CPU = Release|Any CPU
	EndGlobalSection
	GlobalSection(ProjectConfigurationPlatforms) = postSolution
		{F655FDA8-F837-46C9-A029-265436393288}.Debug|Any CPU.ActiveCfg = Debug|Any CPU
		{F655FDA8-F837-46C9-A029-265436393288}.Debug|Any CPU.Build.0 = Debug|Any CPU
		{F655FDA8-F837-46C9-A029-265436393288}.Release|Any CPU.ActiveCfg = Release|Any CPU
		{F655FDA8-F837-46C9-A029-265436393288}.Release|Any CPU.Build.0 = Release|Any CPU
	EndGlobalSection
	GlobalSection(SolutionProperties) = preSolution
		HideSolutionNode = FALSE
	EndGlobalSection
	GlobalSection(ExtensibilityGlobals) = postSolution
		SolutionGuid = {51D2CE3B-F99D-4DC9-8112-BAC6E6FB52E2}
	EndGlobalSection
EndGlobal
